
Microsoft Visual Studio Solution File, Format Version 11.00
# Visual Studio 2010
Project("{8BC9CEB8-8B4A-11D0-8D11-00A0C91BC942}") = "RFBeeTester", "RFBeeTester\RFBeeTester.vcxproj", "{AA1AD87D-9C29-443B-89A5-5775CEEA50D9}"
EndProject
Project("{8BC9CEB8-8B4A-11D0-8D11-00A0C91BC942}") = "RFBeeTesterSlave", "RFBeeTesterSlave\RFBeeTesterSlave.vcxproj", "{C2244E0C-4A5E-4733-8F10-EBC5A16B4F5E}"
EndProject
Global
	GlobalSection(SolutionConfigurationPlatforms) = preSolution
		Debug|Win32 = Debug|Win32
		Release|Win32 = Release|Win32
	EndGlobalSection
	GlobalSection(ProjectConfigurationPlatforms) = postSolution
		{AA1AD87D-9C29-443B-89A5-5775CEEA50D9}.Debug|Win32.ActiveCfg = Debug|Win32
		{AA1AD87D-9C29-443B-89A5-5775CEEA50D9}.Debug|Win32.Build.0 = Debug|Win32
		{AA1AD87D-9C29-443B-89A5-5775CEEA50D9}.Release|Win32.ActiveCfg = Release|Win32
		{AA1AD87D-9C29-443B-89A5-5775CEEA50D9}.Release|Win32.Build.0 = Release|Win32
		{C2244E0C-4A5E-4733-8F10-EBC5A16B4F5E}.Debug|Win32.ActiveCfg = Debug|Win32
		{C2244E0C-4A5E-4733-8F10-EBC5A16B4F5E}.Debug|Win32.Build.0 = Debug|Win32
		{C2244E0C-4A5E-4733-8F10-EBC5A16B4F5E}.Release|Win32.ActiveCfg = Release|Win32
		{C2244E0C-4A5E-4733-8F10-EBC5A16B4F5E}.Release|Win32.Build.0 = Release|Win32
	EndGlobalSection
	GlobalSection(SolutionProperties) = preSolution
		HideSolutionNode = FALSE
	EndGlobalSection
EndGlobal
